
Microsoft Visual Studio Solution File, Format Version 12.00
# Visual Studio Version 16
VisualStudioVersion = 16.0.809.6
MinimumVisualStudioVersion = 10.0.40219.1
Project("{FAE04EC0-301F-11D3-BF4B-00C04F79EFBC}") = "MaratonaTreinamento.iOS", "MaratonaTreinamento.iOS.csproj", "{83A32311-F56B-4146-9EBA-5424E8F28D0F}"
EndProject
Global
	GlobalSection(SolutionConfigurationPlatforms) = preSolution
		Debug|iPhoneSimulator = Debug|iPhoneSimulator
		Release|iPhoneSimulator = Release|iPhoneSimulator
		Debug|iPhone = Debug|iPhone
		Release|iPhone = Release|iPhone
	EndGlobalSection
	GlobalSection(ProjectConfigurationPlatforms) = postSolution
		{83A32311-F56B-4146-9EBA-5424E8F28D0F}.Debug|iPhoneSimulator.ActiveCfg = Debug|iPhoneSimulator
		{83A32311-F56B-4146-9EBA-5424E8F28D0F}.Debug|iPhoneSimulator.Build.0 = Debug|iPhoneSimulator
		{83A32311-F56B-4146-9EBA-5424E8F28D0F}.Release|iPhoneSimulator.ActiveCfg = Release|iPhoneSimulator
		{83A32311-F56B-4146-9EBA-5424E8F28D0F}.Release|iPhoneSimulator.Build.0 = Release|iPhoneSimulator
		{83A32311-F56B-4146-9EBA-5424E8F28D0F}.Debug|iPhone.ActiveCfg = Debug|iPhone
		{83A32311-F56B-4146-9EBA-5424E8F28D0F}.Debug|iPhone.Build.0 = Debug|iPhone
		{83A32311-F56B-4146-9EBA-5424E8F28D0F}.Release|iPhone.ActiveCfg = Release|iPhone
		{83A32311-F56B-4146-9EBA-5424E8F28D0F}.Release|iPhone.Build.0 = Release|iPhone
	EndGlobalSection
	GlobalSection(SolutionProperties) = preSolution
		HideSolutionNode = FALSE
	EndGlobalSection
	GlobalSection(ExtensibilityGlobals) = postSolution
		SolutionGuid = {7818B914-A2C7-4E60-985E-9BB6C5B0880D}
	EndGlobalSection
EndGlobal
